// !$*UTF8*$!
{
	archiveVersion = 1;
	classes = {
	};
	objectVersion = 50;
	objects = {

/* Begin PBXBuildFile section */
		4F261507E516E6D1121D161C /* Pods_VoonChatApp.framework in Frameworks */ = {isa = PBXBuildFile; fileRef = 5501C9A5F403F965A3CCB8B4 /* Pods_VoonChatApp.framework */; };
		63127C60232C48D100AFFE05 /* Extensions.swift in Sources */ = {isa = PBXBuildFile; fileRef = 63127C5F232C48D100AFFE05 /* Extensions.swift */; };
		63127C66232C761700AFFE05 /* ChatLogController.swift in Sources */ = {isa = PBXBuildFile; fileRef = 63127C65232C761700AFFE05 /* ChatLogController.swift */; };
		6319DCB72328AFEF00B136C0 /* MessagesTableviewController.swift in Sources */ = {isa = PBXBuildFile; fileRef = 6319DCB62328AFEF00B136C0 /* MessagesTableviewController.swift */; };
		6319DCBA2328B71700B136C0 /* User.swift in Sources */ = {isa = PBXBuildFile; fileRef = 6319DCB92328B71700B136C0 /* User.swift */; };
		6319DCBC2329E0FA00B136C0 /* LoginController+handlers.swift in Sources */ = {isa = PBXBuildFile; fileRef = 6319DCBB2329E0FA00B136C0 /* LoginController+handlers.swift */; };
		63E8043423277F6900287C62 /* AppDelegate.swift in Sources */ = {isa = PBXBuildFile; fileRef = 63E8043323277F6900287C62 /* AppDelegate.swift */; };
		63E8043623277F6900287C62 /* MessagesViewController.swift in Sources */ = {isa = PBXBuildFile; fileRef = 63E8043523277F6900287C62 /* MessagesViewController.swift */; };
		63E8043923277F6900287C62 /* Main.storyboard in Resources */ = {isa = PBXBuildFile; fileRef = 63E8043723277F6900287C62 /* Main.storyboard */; };
		63E8043B23277F6900287C62 /* Assets.xcassets in Resources */ = {isa = PBXBuildFile; fileRef = 63E8043A23277F6900287C62 /* Assets.xcassets */; };
		63E8043E23277F6900287C62 /* LaunchScreen.storyboard in Resources */ = {isa = PBXBuildFile; fileRef = 63E8043C23277F6900287C62 /* LaunchScreen.storyboard */; };
		63E804472327821600287C62 /* LoginController.swift in Sources */ = {isa = PBXBuildFile; fileRef = 63E804462327821600287C62 /* LoginController.swift */; };
		63E80449232847FD00287C62 /* GoogleService-Info.plist in Resources */ = {isa = PBXBuildFile; fileRef = 63E80448232847FD00287C62 /* GoogleService-Info.plist */; };
/* End PBXBuildFile section */

/* Begin PBXFileReference section */
		0D0BF1A3273E7B9D81AE6548 /* Pods-VoonChatApp.debug.xcconfig */ = {isa = PBXFileReference; includeInIndex = 1; lastKnownFileType = text.xcconfig; name = "Pods-VoonChatApp.debug.xcconfig"; path = "Target Support Files/Pods-VoonChatApp/Pods-VoonChatApp.debug.xcconfig"; sourceTree = "<group>"; };
		5501C9A5F403F965A3CCB8B4 /* Pods_VoonChatApp.framework */ = {isa = PBXFileReference; explicitFileType = wrapper.framework; includeInIndex = 0; path = Pods_VoonChatApp.framework; sourceTree = BUILT_PRODUCTS_DIR; };
		62BDDA65FA9EE56A1AF9C5F7 /* Pods-VoonChatApp.release.xcconfig */ = {isa = PBXFileReference; includeInIndex = 1; lastKnownFileType = text.xcconfig; name = "Pods-VoonChatApp.release.xcconfig"; path = "Target Support Files/Pods-VoonChatApp/Pods-VoonChatApp.release.xcconfig"; sourceTree = "<group>"; };
		63127C5F232C48D100AFFE05 /* Extensions.swift */ = {isa = PBXFileReference; lastKnownFileType = sourcecode.swift; path = Extensions.swift; sourceTree = "<group>"; };
		63127C65232C761700AFFE05 /* ChatLogController.swift */ = {isa = PBXFileReference; lastKnownFileType = sourcecode.swift; path = ChatLogController.swift; sourceTree = "<group>"; };
		6319DCB62328AFEF00B136C0 /* MessagesTableviewController.swift */ = {isa = PBXFileReference; lastKnownFileType = sourcecode.swift; path = MessagesTableviewController.swift; sourceTree = "<group>"; };
		6319DCB92328B71700B136C0 /* User.swift */ = {isa = PBXFileReference; lastKnownFileType = sourcecode.swift; path = User.swift; sourceTree = "<group>"; };
		6319DCBB2329E0FA00B136C0 /* LoginController+handlers.swift */ = {isa = PBXFileReference; lastKnownFileType = sourcecode.swift; path = "LoginController+handlers.swift"; sourceTree = "<group>"; };
		63E8043023277F6900287C62 /* VoonChatApp.app */ = {isa = PBXFileReference; explicitFileType = wrapper.application; includeInIndex = 0; path = VoonChatApp.app; sourceTree = BUILT_PRODUCTS_DIR; };
		63E8043323277F6900287C62 /* AppDelegate.swift */ = {isa = PBXFileReference; lastKnownFileType = sourcecode.swift; path = AppDelegate.swift; sourceTree = "<group>"; };
		63E8043523277F6900287C62 /* MessagesViewController.swift */ = {isa = PBXFileReference; lastKnownFileType = sourcecode.swift; path = MessagesViewController.swift; sourceTree = "<group>"; };
		63E8043823277F6900287C62 /* Base */ = {isa = PBXFileReference; lastKnownFileType = file.storyboard; name = Base; path = Base.lproj/Main.storyboard; sourceTree = "<group>"; };
		63E8043A23277F6900287C62 /* Assets.xcassets */ = {isa = PBXFileReference; lastKnownFileType = folder.assetcatalog; path = Assets.xcassets; sourceTree = "<group>"; };
		63E8043D23277F6900287C62 /* Base */ = {isa = PBXFileReference; lastKnownFileType = file.storyboard; name = Base; path = Base.lproj/LaunchScreen.storyboard; sourceTree = "<group>"; };
		63E8043F23277F6900287C62 /* Info.plist */ = {isa = PBXFileReference; lastKnownFileType = text.plist.xml; path = Info.plist; sourceTree = "<group>"; };
		63E804462327821600287C62 /* LoginController.swift */ = {isa = PBXFileReference; lastKnownFileType = sourcecode.swift; path = LoginController.swift; sourceTree = "<group>"; };
		63E80448232847FD00287C62 /* GoogleService-Info.plist */ = {isa = PBXFileReference; fileEncoding = 4; lastKnownFileType = text.plist.xml; path = "GoogleService-Info.plist"; sourceTree = "<group>"; };
/* End PBXFileReference section */

/* Begin PBXFrameworksBuildPhase section */
		63E8042D23277F6900287C62 /* Frameworks */ = {
			isa = PBXFrameworksBuildPhase;
			buildActionMask = 2147483647;
			files = (
				4F261507E516E6D1121D161C /* Pods_VoonChatApp.framework in Frameworks */,
			);
			runOnlyForDeploymentPostprocessing = 0;
		};
/* End PBXFrameworksBuildPhase section */

/* Begin PBXGroup section */
		63127C5E232C48B200AFFE05 /* Helpers */ = {
			isa = PBXGroup;
			children = (
				63127C5F232C48D100AFFE05 /* Extensions.swift */,
			);
			path = Helpers;
			sourceTree = "<group>";
		};
		6319DCB82328B6CB00B136C0 /* Model */ = {
			isa = PBXGroup;
			children = (
				6319DCB92328B71700B136C0 /* User.swift */,
			);
			path = Model;
			sourceTree = "<group>";
		};
		63E8042723277F6900287C62 = {
			isa = PBXGroup;
			children = (
				63E8043223277F6900287C62 /* VoonChatApp */,
				63E8043123277F6900287C62 /* Products */,
				DAE2CFAA7F00C8B752EAE820 /* Pods */,
				BF893FFA2BD339AD55AFD6ED /* Frameworks */,
			);
			sourceTree = "<group>";
		};
		63E8043123277F6900287C62 /* Products */ = {
			isa = PBXGroup;
			children = (
				63E8043023277F6900287C62 /* VoonChatApp.app */,
			);
			name = Products;
			sourceTree = "<group>";
		};
		63E8043223277F6900287C62 /* VoonChatApp */ = {
			isa = PBXGroup;
			children = (
				63127C5E232C48B200AFFE05 /* Helpers */,
				6319DCB82328B6CB00B136C0 /* Model */,
				63E80445232781DD00287C62 /* Controller */,
				63E8043323277F6900287C62 /* AppDelegate.swift */,
				63E8043723277F6900287C62 /* Main.storyboard */,
				63E8043A23277F6900287C62 /* Assets.xcassets */,
				63E8043C23277F6900287C62 /* LaunchScreen.storyboard */,
				63E80448232847FD00287C62 /* GoogleService-Info.plist */,
				63E8043F23277F6900287C62 /* Info.plist */,
			);
			path = VoonChatApp;
			sourceTree = "<group>";
		};
		63E80445232781DD00287C62 /* Controller */ = {
			isa = PBXGroup;
			children = (
				63E8043523277F6900287C62 /* MessagesViewController.swift */,
				63E804462327821600287C62 /* LoginController.swift */,
				6319DCB62328AFEF00B136C0 /* MessagesTableviewController.swift */,
				6319DCBB2329E0FA00B136C0 /* LoginController+handlers.swift */,
				63127C65232C761700AFFE05 /* ChatLogController.swift */,
			);
			path = Controller;
			sourceTree = "<group>";
		};
		BF893FFA2BD339AD55AFD6ED /* Frameworks */ = {
			isa = PBXGroup;
			children = (
				5501C9A5F403F965A3CCB8B4 /* Pods_VoonChatApp.framework */,
			);
			name = Frameworks;
			sourceTree = "<group>";
		};
		DAE2CFAA7F00C8B752EAE820 /* Pods */ = {
			isa = PBXGroup;
			children = (
				0D0BF1A3273E7B9D81AE6548 /* Pods-VoonChatApp.debug.xcconfig */,
				62BDDA65FA9EE56A1AF9C5F7 /* Pods-VoonChatApp.release.xcconfig */,
			);
			path = Pods;
			sourceTree = "<group>";
		};
/* End PBXGroup section */

/* Begin PBXNativeTarget section */
		63E8042F23277F6900287C62 /* VoonChatApp */ = {
			isa = PBXNativeTarget;
			buildConfigurationList = 63E8044223277F6900287C62 /* Build configuration list for PBXNativeTarget "VoonChatApp" */;
			buildPhases = (
				7493986C1D6D3FF3862FA269 /* [CP] Check Pods Manifest.lock */,
				63E8042C23277F6900287C62 /* Sources */,
				63E8042D23277F6900287C62 /* Frameworks */,
				63E8042E23277F6900287C62 /* Resources */,
				607B3F8DBE617A051B9526D9 /* [CP] Embed Pods Frameworks */,
			);
			buildRules = (
			);
			dependencies = (
			);
			name = VoonChatApp;
			productName = VoonChatApp;
			productReference = 63E8043023277F6900287C62 /* VoonChatApp.app */;
			productType = "com.apple.product-type.application";
		};
/* End PBXNativeTarget section */

/* Begin PBXProject section */
		63E8042823277F6900287C62 /* Project object */ = {
			isa = PBXProject;
			attributes = {
				LastSwiftUpdateCheck = 1010;
				LastUpgradeCheck = 1010;
				ORGANIZATIONNAME = "Geoffry Gambling";
				TargetAttributes = {
					63E8042F23277F6900287C62 = {
						CreatedOnToolsVersion = 10.1;
					};
				};
			};
			buildConfigurationList = 63E8042B23277F6900287C62 /* Build configuration list for PBXProject "VoonChatApp" */;
			compatibilityVersion = "Xcode 9.3";
			developmentRegion = en;
			hasScannedForEncodings = 0;
			knownRegions = (
				en,
				Base,
			);
			mainGroup = 63E8042723277F6900287C62;
			productRefGroup = 63E8043123277F6900287C62 /* Products */;
			projectDirPath = "";
			projectRoot = "";
			targets = (
				63E8042F23277F6900287C62 /* VoonChatApp */,
			);
		};
/* End PBXProject section */

/* Begin PBXResourcesBuildPhase section */
		63E8042E23277F6900287C62 /* Resources */ = {
			isa = PBXResourcesBuildPhase;
			buildActionMask = 2147483647;
			files = (
				63E8043E23277F6900287C62 /* LaunchScreen.storyboard in Resources */,
				63E80449232847FD00287C62 /* GoogleService-Info.plist in Resources */,
				63E8043B23277F6900287C62 /* Assets.xcassets in Resources */,
				63E8043923277F6900287C62 /* Main.storyboard in Resources */,
			);
			runOnlyForDeploymentPostprocessing = 0;
		};
/* End PBXResourcesBuildPhase section */

/* Begin PBXShellScriptBuildPhase section */
		607B3F8DBE617A051B9526D9 /* [CP] Embed Pods Frameworks */ = {
			isa = PBXShellScriptBuildPhase;
			buildActionMask = 2147483647;
			files = (
			);
			inputFileListPaths = (
			);
			inputPaths = (
				"${PODS_ROOT}/Target Support Files/Pods-VoonChatApp/Pods-VoonChatApp-frameworks.sh",
				"${BUILT_PRODUCTS_DIR}/GTMSessionFetcher/GTMSessionFetcher.framework",
				"${BUILT_PRODUCTS_DIR}/GoogleUtilities/GoogleUtilities.framework",
				"${BUILT_PRODUCTS_DIR}/leveldb-library/leveldb.framework",
			);
			name = "[CP] Embed Pods Frameworks";
			outputFileListPaths = (
			);
			outputPaths = (
				"${TARGET_BUILD_DIR}/${FRAMEWORKS_FOLDER_PATH}/GTMSessionFetcher.framework",
				"${TARGET_BUILD_DIR}/${FRAMEWORKS_FOLDER_PATH}/GoogleUtilities.framework",
				"${TARGET_BUILD_DIR}/${FRAMEWORKS_FOLDER_PATH}/leveldb.framework",
			);
			runOnlyForDeploymentPostprocessing = 0;
			shellPath = /bin/sh;
			shellScript = "\"${PODS_ROOT}/Target Support Files/Pods-VoonChatApp/Pods-VoonChatApp-frameworks.sh\"\n";
			showEnvVarsInLog = 0;
		};
		7493986C1D6D3FF3862FA269 /* [CP] Check Pods Manifest.lock */ = {
			isa = PBXShellScriptBuildPhase;
			buildActionMask = 2147483647;
			files = (
			);
			inputFileListPaths = (
			);
			inputPaths = (
				"${PODS_PODFILE_DIR_PATH}/Podfile.lock",
				"${PODS_ROOT}/Manifest.lock",
			);
			name = "[CP] Check Pods Manifest.lock";
			outputFileListPaths = (
			);
			outputPaths = (
				"$(DERIVED_FILE_DIR)/Pods-VoonChatApp-checkManifestLockResult.txt",
			);
			runOnlyForDeploymentPostprocessing = 0;
			shellPath = /bin/sh;
			shellScript = "diff \"${PODS_PODFILE_DIR_PATH}/Podfile.lock\" \"${PODS_ROOT}/Manifest.lock\" > /dev/null\nif [ $? != 0 ] ; then\n    # print error to STDERR\n    echo \"error: The sandbox is not in sync with the Podfile.lock. Run 'pod install' or update your CocoaPods installation.\" >&2\n    exit 1\nfi\n# This output is used by Xcode 'outputs' to avoid re-running this script phase.\necho \"SUCCESS\" > \"${SCRIPT_OUTPUT_FILE_0}\"\n";
			showEnvVarsInLog = 0;
		};
/* End PBXShellScriptBuildPhase section */

/* Begin PBXSourcesBuildPhase section */
		63E8042C23277F6900287C62 /* Sources */ = {
			isa = PBXSourcesBuildPhase;
			buildActionMask = 2147483647;
			files = (
				63127C66232C761700AFFE05 /* ChatLogController.swift in Sources */,
				63E8043623277F6900287C62 /* MessagesViewController.swift in Sources */,
				6319DCB72328AFEF00B136C0 /* MessagesTableviewController.swift in Sources */,
				6319DCBC2329E0FA00B136C0 /* LoginController+handlers.swift in Sources */,
				63E804472327821600287C62 /* LoginController.swift in Sources */,
				6319DCBA2328B71700B136C0 /* User.swift in Sources */,
				63E8043423277F6900287C62 /* AppDelegate.swift in Sources */,
				63127C60232C48D100AFFE05 /* Extensions.swift in Sources */,
			);
			runOnlyForDeploymentPostprocessing = 0;
		};
/* End PBXSourcesBuildPhase section */

/* Begin PBXVariantGroup section */
		63E8043723277F6900287C62 /* Main.storyboard */ = {
			isa = PBXVariantGroup;
			children = (
				63E8043823277F6900287C62 /* Base */,
			);
			name = Main.storyboard;
			sourceTree = "<group>";
		};
		63E8043C23277F6900287C62 /* LaunchScreen.storyboard */ = {
			isa = PBXVariantGroup;
			children = (
				63E8043D23277F6900287C62 /* Base */,
			);
			name = LaunchScreen.storyboard;
			sourceTree = "<group>";
		};
/* End PBXVariantGroup section */

/* Begin XCBuildConfiguration section */
		63E8044023277F6900287C62 /* Debug */ = {
			isa = XCBuildConfiguration;
			buildSettings = {
				ALWAYS_SEARCH_USER_PATHS = NO;
				CLANG_ANALYZER_NONNULL = YES;
				CLANG_ANALYZER_NUMBER_OBJECT_CONVERSION = YES_AGGRESSIVE;
				CLANG_CXX_LANGUAGE_STANDARD = "gnu++14";
				CLANG_CXX_LIBRARY = "libc++";
				CLANG_ENABLE_MODULES = YES;
				CLANG_ENABLE_OBJC_ARC = YES;
				CLANG_ENABLE_OBJC_WEAK = YES;
				CLANG_WARN_BLOCK_CAPTURE_AUTORELEASING = YES;
				CLANG_WARN_BOOL_CONVERSION = YES;
				CLANG_WARN_COMMA = YES;
				CLANG_WARN_CONSTANT_CONVERSION = YES;
				CLANG_WARN_DEPRECATED_OBJC_IMPLEMENTATIONS = YES;
				CLANG_WARN_DIRECT_OBJC_ISA_USAGE = YES_ERROR;
				CLANG_WARN_DOCUMENTATION_COMMENTS = YES;
				CLANG_WARN_EMPTY_BODY = YES;
				CLANG_WARN_ENUM_CONVERSION = YES;
				CLANG_WARN_INFINITE_RECURSION = YES;
				CLANG_WARN_INT_CONVERSION = YES;
				CLANG_WARN_NON_LITERAL_NULL_CONVERSION = YES;
				CLANG_WARN_OBJC_IMPLICIT_RETAIN_SELF = YES;
				CLANG_WARN_OBJC_LITERAL_CONVERSION = YES;
				CLANG_WARN_OBJC_ROOT_CLASS = YES_ERROR;
				CLANG_WARN_RANGE_LOOP_ANALYSIS = YES;
				CLANG_WARN_STRICT_PROTOTYPES = YES;
				CLANG_WARN_SUSPICIOUS_MOVE = YES;
				CLANG_WARN_UNGUARDED_AVAILABILITY = YES_AGGRESSIVE;
				CLANG_WARN_UNREACHABLE_CODE = YES;
				CLANG_WARN__DUPLICATE_METHOD_MATCH = YES;
				CODE_SIGN_IDENTITY = "iPhone Developer";
				COPY_PHASE_STRIP = NO;
				DEBUG_INFORMATION_FORMAT = dwarf;
				ENABLE_STRICT_OBJC_MSGSEND = YES;
				ENABLE_TESTABILITY = YES;
				GCC_C_LANGUAGE_STANDARD = gnu11;
				GCC_DYNAMIC_NO_PIC = NO;
				GCC_NO_COMMON_BLOCKS = YES;
				GCC_OPTIMIZATION_LEVEL = 0;
				GCC_PREPROCESSOR_DEFINITIONS = (
					"DEBUG=1",
					"$(inherited)",
				);
				GCC_WARN_64_TO_32_BIT_CONVERSION = YES;
				GCC_WARN_ABOUT_RETURN_TYPE = YES_ERROR;
				GCC_WARN_UNDECLARED_SELECTOR = YES;
				GCC_WARN_UNINITIALIZED_AUTOS = YES_AGGRESSIVE;
				GCC_WARN_UNUSED_FUNCTION = YES;
				GCC_WARN_UNUSED_VARIABLE = YES;
				IPHONEOS_DEPLOYMENT_TARGET = 12.1;
				MTL_ENABLE_DEBUG_INFO = INCLUDE_SOURCE;
				MTL_FAST_MATH = YES;
				ONLY_ACTIVE_ARCH = YES;
				SDKROOT = iphoneos;
				SWIFT_ACTIVE_COMPILATION_CONDITIONS = DEBUG;
				SWIFT_OPTIMIZATION_LEVEL = "-Onone";
			};
			name = Debug;
		};
		63E8044123277F6900287C62 /* Release */ = {
			isa = XCBuildConfiguration;
			buildSettings = {
				ALWAYS_SEARCH_USER_PATHS = NO;
				CLANG_ANALYZER_NONNULL = YES;
				CLANG_ANALYZER_NUMBER_OBJECT_CONVERSION = YES_AGGRESSIVE;
				CLANG_CXX_LANGUAGE_STANDARD = "gnu++14";
				CLANG_CXX_LIBRARY = "libc++";
				CLANG_ENABLE_MODULES = YES;
				CLANG_ENABLE_OBJC_ARC = YES;
				CLANG_ENABLE_OBJC_WEAK = YES;
				CLANG_WARN_BLOCK_CAPTURE_AUTORELEASING = YES;
				CLANG_WARN_BOOL_CONVERSION = YES;
				CLANG_WARN_COMMA = YES;
				CLANG_WARN_CONSTANT_CONVERSION = YES;
				CLANG_WARN_DEPRECATED_OBJC_IMPLEMENTATIONS = YES;
				CLANG_WARN_DIRECT_OBJC_ISA_USAGE = YES_ERROR;
				CLANG_WARN_DOCUMENTATION_COMMENTS = YES;
				CLANG_WARN_EMPTY_BODY = YES;
				CLANG_WARN_ENUM_CONVERSION = YES;
				CLANG_WARN_INFINITE_RECURSION = YES;
				CLANG_WARN_INT_CONVERSION = YES;
				CLANG_WARN_NON_LITERAL_NULL_CONVERSION = YES;
				CLANG_WARN_OBJC_IMPLICIT_RETAIN_SELF = YES;
				CLANG_WARN_OBJC_LITERAL_CONVERSION = YES;
				CLANG_WARN_OBJC_ROOT_CLASS = YES_ERROR;
				CLANG_WARN_RANGE_LOOP_ANALYSIS = YES;
				CLANG_WARN_STRICT_PROTOTYPES = YES;
				CLANG_WARN_SUSPICIOUS_MOVE = YES;
				CLANG_WARN_UNGUARDED_AVAILABILITY = YES_AGGRESSIVE;
				CLANG_WARN_UNREACHABLE_CODE = YES;
				CLANG_WARN__DUPLICATE_METHOD_MATCH = YES;
				CODE_SIGN_IDENTITY = "iPhone Developer";
				COPY_PHASE_STRIP = NO;
				DEBUG_INFORMATION_FORMAT = "dwarf-with-dsym";
				ENABLE_NS_ASSERTIONS = NO;
				ENABLE_STRICT_OBJC_MSGSEND = YES;
				GCC_C_LANGUAGE_STANDARD = gnu11;
				GCC_NO_COMMON_BLOCKS = YES;
				GCC_WARN_64_TO_32_BIT_CONVERSION = YES;
				GCC_WARN_ABOUT_RETURN_TYPE = YES_ERROR;
				GCC_WARN_UNDECLARED_SELECTOR = YES;
				GCC_WARN_UNINITIALIZED_AUTOS = YES_AGGRESSIVE;
				GCC_WARN_UNUSED_FUNCTION = YES;
				GCC_WARN_UNUSED_VARIABLE = YES;
				IPHONEOS_DEPLOYMENT_TARGET = 12.1;
				MTL_ENABLE_DEBUG_INFO = NO;
				MTL_FAST_MATH = YES;
				SDKROOT = iphoneos;
				SWIFT_COMPILATION_MODE = wholemodule;
				SWIFT_OPTIMIZATION_LEVEL = "-O";
				VALIDATE_PRODUCT = YES;
			};
			name = Release;
		};
		63E8044323277F6900287C62 /* Debug */ = {
			isa = XCBuildConfiguration;
			baseConfigurationReference = 0D0BF1A3273E7B9D81AE6548 /* Pods-VoonChatApp.debug.xcconfig */;
			buildSettings = {
				ASSETCATALOG_COMPILER_APPICON_NAME = AppIcon;
				CODE_SIGN_STYLE = Automatic;
				DEVELOPMENT_TEAM = 6WD8PAVMGJ;
				INFOPLIST_FILE = VoonChatApp/Info.plist;
				LD_RUNPATH_SEARCH_PATHS = (
					"$(inherited)",
					"@executable_path/Frameworks",
				);
				PRODUCT_BUNDLE_IDENTIFIER = grofulet.VoonChatApp;
				PRODUCT_NAME = "$(TARGET_NAME)";
				SWIFT_VERSION = 4.2;
				TARGETED_DEVICE_FAMILY = "1,2";
			};
			name = Debug;
		};
		63E8044423277F6900287C62 /* Release */ = {
			isa = XCBuildConfiguration;
			baseConfigurationReference = 62BDDA65FA9EE56A1AF9C5F7 /* Pods-VoonChatApp.release.xcconfig */;
			buildSettings = {
				ASSETCATALOG_COMPILER_APPICON_NAME = AppIcon;
				CODE_SIGN_STYLE = Automatic;
				DEVELOPMENT_TEAM = 6WD8PAVMGJ;
				INFOPLIST_FILE = VoonChatApp/Info.plist;
				LD_RUNPATH_SEARCH_PATHS = (
					"$(inherited)",
					"@executable_path/Frameworks",
				);
				PRODUCT_BUNDLE_IDENTIFIER = grofulet.VoonChatApp;
				PRODUCT_NAME = "$(TARGET_NAME)";
				SWIFT_VERSION = 4.2;
				TARGETED_DEVICE_FAMILY = "1,2";
			};
			name = Release;
		};
/* End XCBuildConfiguration section */

/* Begin XCConfigurationList section */
		63E8042B23277F6900287C62 /* Build configuration list for PBXProject "VoonChatApp" */ = {
			isa = XCConfigurationList;
			buildConfigurations = (
				63E8044023277F6900287C62 /* Debug */,
				63E8044123277F6900287C62 /* Release */,
			);
			defaultConfigurationIsVisible = 0;
			defaultConfigurationName = Release;
		};
		63E8044223277F6900287C62 /* Build configuration list for PBXNativeTarget "VoonChatApp" */ = {
			isa = XCConfigurationList;
			buildConfigurations = (
				63E8044323277F6900287C62 /* Debug */,
				63E8044423277F6900287C62 /* Release */,
			);
			defaultConfigurationIsVisible = 0;
			defaultConfigurationName = Release;
		};
/* End XCConfigurationList section */
	};
	rootObject = 63E8042823277F6900287C62 /* Project object */;
}
